# THIS IS AN AUTOGENERATED FILE. DO NOT EDIT THIS FILE DIRECTLY.
# yarn lockfile v1


"@babel/runtime@^7.12.1":
  version "7.19.0"
  resolved "https://registry.npmjs.org/@babel/runtime/-/runtime-7.19.0.tgz"
  integrity sha512-eR8Lo9hnDS7tqkO7NsV+mKvCmv5boaXFSZ70DnfhcgiEne8hv9oCEd36Klw74EtizEqLsy4YnW8UWwpBVolHZA==
  dependencies:
    regenerator-runtime "^0.13.4"

"@types/hoist-non-react-statics@^3.3.1":
  version "3.3.1"
  resolved "https://registry.npmjs.org/@types/hoist-non-react-statics/-/hoist-non-react-statics-3.3.1.tgz"
  integrity sha512-iMIqiko6ooLrTh1joXodJK5X9xeEALT1kM5G3ZLhD3hszxBdIEd5C75U834D9mLcINgD4OyZf5uQXjkuYydWvA==
  dependencies:
    "@types/react" "*"
    hoist-non-react-statics "^3.3.0"

"@types/prop-types@*":
  version "15.7.5"
  resolved "https://registry.npmjs.org/@types/prop-types/-/prop-types-15.7.5.tgz"
  integrity sha512-JCB8C6SnDoQf0cNycqd/35A7MjcnK+ZTqE7judS6o7utxUCg6imJg3QK2qzHKszlTjcj2cn+NwMB2i96ubpj7w==

"@types/react@*":
  version "18.0.21"
  resolved "https://registry.npmjs.org/@types/react/-/react-18.0.21.tgz"
  integrity sha512-7QUCOxvFgnD5Jk8ZKlUAhVcRj7GuJRjnjjiY/IUBWKgOlnvDvTMLD4RTF7NPyVmbRhNrbomZiOepg7M/2Kj1mA==
  dependencies:
    "@types/prop-types" "*"
    "@types/scheduler" "*"
    csstype "^3.0.2"

"@types/scheduler@*":
  version "0.16.2"
  resolved "https://registry.npmjs.org/@types/scheduler/-/scheduler-0.16.2.tgz"
  integrity sha512-hppQEBDmlwhFAXKJX2KnWLYu5yMfi91yazPb2l+lbJiwW+wdo1gNeRA+3RgNSO39WYX2euey41KEwnqesU2Jew==

"@types/use-sync-external-store@^0.0.3":
  version "0.0.3"
  resolved "https://registry.npmjs.org/@types/use-sync-external-store/-/use-sync-external-store-0.0.3.tgz"
  integrity sha512-EwmlvuaxPNej9+T4v5AuBPJa2x2UOJVdjCtDHgcDqitUeOtjnJKJ+apYjVcAoBEMjKW1VVFGZLUb5+qqa09XFA==

ansi-regex@^5.0.1:
  version "5.0.1"
  resolved "https://registry.npmjs.org/ansi-regex/-/ansi-regex-5.0.1.tgz"
  integrity sha512-quJQXlTSUGL2LH9SUXo8VwsY4soanhgo6LNSm84E1LBcE8s3O0wpdiRzyR9z/ZZJMlMWv37qOOb9pdJlMUEKFQ==

ansi-styles@^4.0.0, ansi-styles@^4.1.0:
  version "4.3.0"
  resolved "https://registry.npmjs.org/ansi-styles/-/ansi-styles-4.3.0.tgz"
  integrity sha512-zbB9rCJAT1rbjiVDb2hqKFHNYLxgtk8NURxZ3IZwD3F6NtxbXZQCnnSi1Lkx+IDohdPlFp222wVALIheZJQSEg==
  dependencies:
    color-convert "^2.0.1"

chalk@^4.1.0:
  version "4.1.2"
  resolved "https://registry.npmjs.org/chalk/-/chalk-4.1.2.tgz"
  integrity sha512-oKnbhFyRIXpUuez8iBMmyEa4nbj4IOQyuhc/wy9kY7/WVPcwIO9VA668Pu8RkO7+0G76SLROeyw9CpQ061i4mA==
  dependencies:
    ansi-styles "^4.1.0"
    supports-color "^7.1.0"

cliui@^8.0.1:
  version "8.0.1"
  resolved "https://registry.npmjs.org/cliui/-/cliui-8.0.1.tgz"
  integrity sha512-BSeNnyus75C4//NQ9gQt1/csTXyo/8Sb+afLAkzAptFuMsod9HFokGNudZpi/oQV73hnVK+sR+5PVRMd+Dr7YQ==
  dependencies:
    string-width "^4.2.0"
    strip-ansi "^6.0.1"
    wrap-ansi "^7.0.0"

color-convert@^2.0.1:
  version "2.0.1"
  resolved "https://registry.npmjs.org/color-convert/-/color-convert-2.0.1.tgz"
  integrity sha512-RRECPsj7iu/xb5oKYcsFHSppFNnsj/52OVTRKb4zP5onXwVF3zVmmToNcOfGC+CRDpfK/U584fMg38ZHCaElKQ==
  dependencies:
    color-name "~1.1.4"

color-name@~1.1.4:
  version "1.1.4"
  resolved "https://registry.npmjs.org/color-name/-/color-name-1.1.4.tgz"
  integrity sha512-dOy+3AuW3a2wNbZHIuMZpTcgjGuLU/uBL/ubcZF9OXbDo8ff4O8yVp5Bf0efS8uEoYo5q4Fx7dY9OgQGXgAsQA==

concurrently@^7.4.0:
  version "7.4.0"
  resolved "https://registry.npmjs.org/concurrently/-/concurrently-7.4.0.tgz"
  integrity sha512-M6AfrueDt/GEna/Vg9BqQ+93yuvzkSKmoTixnwEJkH0LlcGrRC2eCmjeG1tLLHIYfpYJABokqSGyMcXjm96AFA==
  dependencies:
    chalk "^4.1.0"
    date-fns "^2.29.1"
    lodash "^4.17.21"
    rxjs "^7.0.0"
    shell-quote "^1.7.3"
    spawn-command "^0.0.2-1"
    supports-color "^8.1.0"
    tree-kill "^1.2.2"
    yargs "^17.3.1"

csstype@^3.0.2:
  version "3.1.1"
  resolved "https://registry.npmjs.org/csstype/-/csstype-3.1.1.tgz"
  integrity sha512-DJR/VvkAvSZW9bTouZue2sSxDwdTN92uHjqeKVm+0dAqdfNykRzQ95tay8aXMBAAPpUiq4Qcug2L7neoRh2Egw==

date-fns@^2.29.1:
  version "2.29.3"
  resolved "https://registry.npmjs.org/date-fns/-/date-fns-2.29.3.tgz"
  integrity sha512-dDCnyH2WnnKusqvZZ6+jA1O51Ibt8ZMRNkDZdyAyK4YfbDwa/cEmuztzG5pk6hqlp9aSBPYcjOlktquahGwGeA==

emoji-regex@^8.0.0:
  version "8.0.0"
  resolved "https://registry.npmjs.org/emoji-regex/-/emoji-regex-8.0.0.tgz"
  integrity sha512-MSjYzcWNOA0ewAHpz0MxpYFvwg6yjy1NG3xteoqz644VCo/RPgnr1/GGt+ic3iJTzQ8Eu3TdM14SawnVUmGE6A==

escalade@^3.1.1:
  version "3.1.1"
  resolved "https://registry.npmjs.org/escalade/-/escalade-3.1.1.tgz"
  integrity sha512-k0er2gUkLf8O0zKJiAhmkTnJlTvINGv7ygDNPbeIsX/TJjGJZHuh9B2UxbsaEkmlEo9MfhrSzmhIlhRlI2GXnw==

get-caller-file@^2.0.5:
  version "2.0.5"
  resolved "https://registry.npmjs.org/get-caller-file/-/get-caller-file-2.0.5.tgz"
  integrity sha512-DyFP3BM/3YHTQOCUL/w0OZHR0lpKeGrxotcHWcqNEdnltqFwXVfhEBQ94eIo34AfQpo0rGki4cyIiftY06h2Fg==

has-flag@^4.0.0:
  version "4.0.0"
  resolved "https://registry.npmjs.org/has-flag/-/has-flag-4.0.0.tgz"
  integrity sha512-EykJT/Q1KjTWctppgIAgfSO0tKVuZUjhgMr17kqTumMl6Afv3EISleU7qZUzoXDFTAHTDC4NOoG/ZxU3EvlMPQ==

hoist-non-react-statics@^3.3.0, hoist-non-react-statics@^3.3.2:
  version "3.3.2"
  resolved "https://registry.npmjs.org/hoist-non-react-statics/-/hoist-non-react-statics-3.3.2.tgz"
  integrity sha512-/gGivxi8JPKWNm/W0jSmzcMPpfpPLc3dY/6GxhX2hQ9iGj3aDfklV4ET7NjKpSinLpJ5vafa9iiGIEZg10SfBw==
  dependencies:
    react-is "^16.7.0"

is-fullwidth-code-point@^3.0.0:
  version "3.0.0"
  resolved "https://registry.npmjs.org/is-fullwidth-code-point/-/is-fullwidth-code-point-3.0.0.tgz"
  integrity sha512-zymm5+u+sCsSWyD9qNaejV3DFvhCKclKdizYaJUuHA83RLjb7nSuGnddCHGv0hk+KY7BMAlsWeK4Ueg6EV6XQg==

lodash@^4.17.21:
  version "4.17.21"
  resolved "https://registry.npmjs.org/lodash/-/lodash-4.17.21.tgz"
  integrity sha512-v2kDEe57lecTulaDIuNTPy3Ry4gLGJ6Z1O3vE1krgXZNrsQ+LFTGHVxVjcXPs17LhbZVGedAJv8XZ1tvj5FvSg==

next-redux-wrapper@^8.0.0:
  version "8.0.0"
  resolved "https://registry.npmjs.org/next-redux-wrapper/-/next-redux-wrapper-8.0.0.tgz"
  integrity sha512-zKRdpvDeqNXQr1j5DUWwsB2fz6XpHR32iy2qJGItTKLsbLB9GvtxDL9b4mFCfhDvnzy5dw97UqMjWDpFY8h0zA==

react-is@^16.7.0:
  version "16.13.1"
  resolved "https://registry.npmjs.org/react-is/-/react-is-16.13.1.tgz"
  integrity sha512-24e6ynE2H+OKt4kqsOvNd8kBpV65zoxbA4BVsEOB3ARVWQki/DHzaUoC5KuON/BiccDaCCTZBuOcfZs70kR8bQ==

react-is@^18.0.0:
  version "18.2.0"
  resolved "https://registry.npmjs.org/react-is/-/react-is-18.2.0.tgz"
  integrity sha512-xWGDIW6x921xtzPkhiULtthJHoJvBbF3q26fzloPCK0hsvxtPVelvftw3zjbHWSkR2km9Z+4uxbDDK/6Zw9B8w==

react-redux@^8.0.4:
  version "8.0.4"
  resolved "https://registry.npmjs.org/react-redux/-/react-redux-8.0.4.tgz"
  integrity sha512-yMfQ7mX6bWuicz2fids6cR1YT59VTuT8MKyyE310wJQlINKENCeT1UcPdEiX6znI5tF8zXyJ/VYvDgeGuaaNwQ==
  dependencies:
    "@babel/runtime" "^7.12.1"
    "@types/hoist-non-react-statics" "^3.3.1"
    "@types/use-sync-external-store" "^0.0.3"
    hoist-non-react-statics "^3.3.2"
    react-is "^18.0.0"
    use-sync-external-store "^1.0.0"

regenerator-runtime@^0.13.4:
  version "0.13.9"
  resolved "https://registry.npmjs.org/regenerator-runtime/-/regenerator-runtime-0.13.9.tgz"
  integrity sha512-p3VT+cOEgxFsRRA9X4lkI1E+k2/CtnKtU4gcxyaCUreilL/vqI6CdZ3wxVUx3UOUg+gnUOQQcRI7BmSI656MYA==

require-directory@^2.1.1:
  version "2.1.1"
  resolved "https://registry.npmjs.org/require-directory/-/require-directory-2.1.1.tgz"
  integrity sha512-fGxEI7+wsG9xrvdjsrlmL22OMTTiHRwAMroiEeMgq8gzoLC/PQr7RsRDSTLUg/bZAZtF+TVIkHc6/4RIKrui+Q==

rxjs@^7.0.0:
  version "7.5.7"
  resolved "https://registry.npmjs.org/rxjs/-/rxjs-7.5.7.tgz"
  integrity sha512-z9MzKh/UcOqB3i20H6rtrlaE/CgjLOvheWK/9ILrbhROGTweAi1BaFsTT9FbwZi5Trr1qNRs+MXkhmR06awzQA==
  dependencies:
    tslib "^2.1.0"

shell-quote@^1.7.3:
  version "1.7.3"
  resolved "https://registry.npmjs.org/shell-quote/-/shell-quote-1.7.3.tgz"
  integrity sha512-Vpfqwm4EnqGdlsBFNmHhxhElJYrdfcxPThu+ryKS5J8L/fhAwLazFZtq+S+TWZ9ANj2piSQLGj6NQg+lKPmxrw==

spawn-command@^0.0.2-1:
  version "0.0.2-1"
  resolved "https://registry.npmjs.org/spawn-command/-/spawn-command-0.0.2-1.tgz"
  integrity sha512-n98l9E2RMSJ9ON1AKisHzz7V42VDiBQGY6PB1BwRglz99wpVsSuGzQ+jOi6lFXBGVTCrRpltvjm+/XA+tpeJrg==

string-width@^4.1.0, string-width@^4.2.0, string-width@^4.2.3:
  version "4.2.3"
  resolved "https://registry.npmjs.org/string-width/-/string-width-4.2.3.tgz"
  integrity sha512-wKyQRQpjJ0sIp62ErSZdGsjMJWsap5oRNihHhu6G7JVO/9jIB6UyevL+tXuOqrng8j/cxKTWyWUwvSTriiZz/g==
  dependencies:
    emoji-regex "^8.0.0"
    is-fullwidth-code-point "^3.0.0"
    strip-ansi "^6.0.1"

strip-ansi@^6.0.0, strip-ansi@^6.0.1:
  version "6.0.1"
  resolved "https://registry.npmjs.org/strip-ansi/-/strip-ansi-6.0.1.tgz"
  integrity sha512-Y38VPSHcqkFrCpFnQ9vuSXmquuv5oXOKpGeT6aGrr3o3Gc9AlVa6JBfUSOCnbxGGZF+/0ooI7KrPuUSztUdU5A==
  dependencies:
    ansi-regex "^5.0.1"

supports-color@^7.1.0:
  version "7.2.0"
  resolved "https://registry.npmjs.org/supports-color/-/supports-color-7.2.0.tgz"
  integrity sha512-qpCAvRl9stuOHveKsn7HncJRvv501qIacKzQlO/+Lwxc9+0q2wLyv4Dfvt80/DPn2pqOBsJdDiogXGR9+OvwRw==
  dependencies:
    has-flag "^4.0.0"

supports-color@^8.1.0:
  version "8.1.1"
  resolved "https://registry.npmjs.org/supports-color/-/supports-color-8.1.1.tgz"
  integrity sha512-MpUEN2OodtUzxvKQl72cUF7RQ5EiHsGvSsVG0ia9c5RbWGL2CI4C7EpPS8UTBIplnlzZiNuV56w+FuNxy3ty2Q==
  dependencies:
    has-flag "^4.0.0"

tree-kill@^1.2.2:
  version "1.2.2"
  resolved "https://registry.npmjs.org/tree-kill/-/tree-kill-1.2.2.tgz"
  integrity sha512-L0Orpi8qGpRG//Nd+H90vFB+3iHnue1zSSGmNOOCh1GLJ7rUKVwV2HvijphGQS2UmhUZewS9VgvxYIdgr+fG1A==

tslib@^2.1.0:
  version "2.4.0"
  resolved "https://registry.npmjs.org/tslib/-/tslib-2.4.0.tgz"
  integrity sha512-d6xOpEDfsi2CZVlPQzGeux8XMwLT9hssAsaPYExaQMuYskwb+x1x7J371tWlbBdWHroy99KnVB6qIkUbs5X3UQ==

use-sync-external-store@^1.0.0:
  version "1.2.0"
  resolved "https://registry.npmjs.org/use-sync-external-store/-/use-sync-external-store-1.2.0.tgz"
  integrity sha512-eEgnFxGQ1Ife9bzYs6VLi8/4X6CObHMw9Qr9tPY43iKwsPw8xE8+EFsf/2cFZ5S3esXgpWgtSCtLNS41F+sKPA==

wrap-ansi@^7.0.0:
  version "7.0.0"
  resolved "https://registry.npmjs.org/wrap-ansi/-/wrap-ansi-7.0.0.tgz"
  integrity sha512-YVGIj2kamLSTxw6NsZjoBxfSwsn0ycdesmc4p+Q21c5zPuZ1pl+NfxVdxPtdHvmNVOQ6XSYG4AUtyt/Fi7D16Q==
  dependencies:
    ansi-styles "^4.0.0"
    string-width "^4.1.0"
    strip-ansi "^6.0.0"

y18n@^5.0.5:
  version "5.0.8"
  resolved "https://registry.npmjs.org/y18n/-/y18n-5.0.8.tgz"
  integrity sha512-0pfFzegeDWJHJIAmTLRP2DwHjdF5s7jo9tuztdQxAhINCdvS+3nGINqPd00AphqJR/0LhANUS6/+7SCb98YOfA==

yargs-parser@^21.0.0:
  version "21.1.1"
  resolved "https://registry.npmjs.org/yargs-parser/-/yargs-parser-21.1.1.tgz"
  integrity sha512-tVpsJW7DdjecAiFpbIB1e3qxIQsE6NoPc5/eTdrbbIC4h0LVsWhnoa3g+m2HclBIujHzsxZ4VJVA+GUuc2/LBw==

yargs@^17.3.1:
  version "17.6.0"
  resolved "https://registry.npmjs.org/yargs/-/yargs-17.6.0.tgz"
  integrity sha512-8H/wTDqlSwoSnScvV2N/JHfLWOKuh5MVla9hqLjK3nsfyy6Y4kDSYSvkU5YCUEPOSnRXfIyx3Sq+B/IWudTo4g==
  dependencies:
    cliui "^8.0.1"
    escalade "^3.1.1"
    get-caller-file "^2.0.5"
    require-directory "^2.1.1"
    string-width "^4.2.3"
    y18n "^5.0.5"
    yargs-parser "^21.0.0"

yarn@^1.22.19:
  version "1.22.19"
  resolved "https://registry.npmjs.org/yarn/-/yarn-1.22.19.tgz"
  integrity sha512-/0V5q0WbslqnwP91tirOvldvYISzaqhClxzyUKXYxs07yUILIs5jx/k6CFe8bvKSkds5w+eiOqta39Wk3WxdcQ==
